
Microsoft Visual Studio Solution File, Format Version 12.00
# Visual Studio Version 16
VisualStudioVersion = 16.0.30330.147
MinimumVisualStudioVersion = 10.0.40219.1
Project("{FAE04EC0-301F-11D3-BF4B-00C04F79EFBC}") = "CustomerOrder_system", "CustomerOrder_system.csproj", "{61F85129-0F93-498D-B727-08B5C3FA3A7F}"
EndProject
Project("{2150E333-8FDC-42A3-9474-1A3956D46DE8}") = "Solution Items", "Solution Items", "{0F3EB278-BF52-445E-8138-EB4855DDDBC1}"
	ProjectSection(SolutionItems) = preProject
		CustomerEntities\CustomerOrderInfo.mdf = CustomerEntities\CustomerOrderInfo.mdf
		CustomerEntities\CustomerOrderInfo_log.ldf = CustomerEntities\CustomerOrderInfo_log.ldf
	EndProjectSection
EndProject
Global
	GlobalSection(SolutionConfigurationPlatforms) = preSolution
		Debug|Any CPU = Debug|Any CPU
		Release|Any CPU = Release|Any CPU
	EndGlobalSection
	GlobalSection(ProjectConfigurationPlatforms) = postSolution
		{61F85129-0F93-498D-B727-08B5C3FA3A7F}.Debug|Any CPU.ActiveCfg = Debug|Any CPU
		{61F85129-0F93-498D-B727-08B5C3FA3A7F}.Debug|Any CPU.Build.0 = Debug|Any CPU
		{61F85129-0F93-498D-B727-08B5C3FA3A7F}.Release|Any CPU.ActiveCfg = Release|Any CPU
		{61F85129-0F93-498D-B727-08B5C3FA3A7F}.Release|Any CPU.Build.0 = Release|Any CPU
	EndGlobalSection
	GlobalSection(SolutionProperties) = preSolution
		HideSolutionNode = FALSE
	EndGlobalSection
	GlobalSection(ExtensibilityGlobals) = postSolution
		SolutionGuid = {CBCA56A6-BF99-4750-9AB9-DB473CDADE01}
	EndGlobalSection
EndGlobal
